// !$*UTF8*$!
{
	archiveVersion = 1;
	classes = {
	};
	objectVersion = 55;
	objects = {

/* Begin PBXBuildFile section */
		531B181629D8678E005731B1 /* AuthModel.swift in Sources */ = {isa = PBXBuildFile; fileRef = 531B181529D8678E005731B1 /* AuthModel.swift */; };
		535C835929FA07E20018AF4F /* PawView.swift in Sources */ = {isa = PBXBuildFile; fileRef = 535C835829FA07E20018AF4F /* PawView.swift */; };
		537F966F29B8CF7600D6BF16 /* MypageView.swift in Sources */ = {isa = PBXBuildFile; fileRef = 537F966E29B8CF7600D6BF16 /* MypageView.swift */; };
		5394393729FE3772005D7A7F /* ImagePicker.swift in Sources */ = {isa = PBXBuildFile; fileRef = 5394393629FE3772005D7A7F /* ImagePicker.swift */; };
		5394393D2A054832005D7A7F /* Validator.swift in Sources */ = {isa = PBXBuildFile; fileRef = 5394393C2A054831005D7A7F /* Validator.swift */; };
		539E4E6D29ECFB9D007158EF /* SignInModel.swift in Sources */ = {isa = PBXBuildFile; fileRef = 539E4E6C29ECFB9D007158EF /* SignInModel.swift */; };
		53AC206029CAF0D10012303B /* AppDelegate.swift in Sources */ = {isa = PBXBuildFile; fileRef = 53AC205F29CAF0D10012303B /* AppDelegate.swift */; };
		53F60A1A29E296DC009B10A9 /* SignOutModel.swift in Sources */ = {isa = PBXBuildFile; fileRef = 53F60A1929E296DC009B10A9 /* SignOutModel.swift */; };
		B2D36E992A1DDDD900E88A7A /* UserDefaults.swift in Sources */ = {isa = PBXBuildFile; fileRef = B2D36E982A1DDDD900E88A7A /* UserDefaults.swift */; };
		CE6E8AF629AB8A7A00404A7E /* ImageView.swift in Sources */ = {isa = PBXBuildFile; fileRef = CE6E8AF529AB8A7A00404A7E /* ImageView.swift */; };
		CE6E8AF929B17FFC00404A7E /* SignInImageView.swift in Sources */ = {isa = PBXBuildFile; fileRef = CE6E8AF829B17FFC00404A7E /* SignInImageView.swift */; };
		CE6E8AFB29B1868500404A7E /* ImageFirstView.swift in Sources */ = {isa = PBXBuildFile; fileRef = CE6E8AFA29B1868500404A7E /* ImageFirstView.swift */; };
		CE6E8AFD29B19D4900404A7E /* Geometric.swift in Sources */ = {isa = PBXBuildFile; fileRef = CE6E8AFC29B19D4900404A7E /* Geometric.swift */; };
		CE7CD92A2A550B7000064282 /* TimelineView.swift in Sources */ = {isa = PBXBuildFile; fileRef = CE7CD9292A550B7000064282 /* TimelineView.swift */; };
		CE7CD92C2A550C9800064282 /* APITimeline.swift in Sources */ = {isa = PBXBuildFile; fileRef = CE7CD92B2A550C9800064282 /* APITimeline.swift */; };
		CE7CD92E2A55202B00064282 /* TimelineItemView.swift in Sources */ = {isa = PBXBuildFile; fileRef = CE7CD92D2A55202B00064282 /* TimelineItemView.swift */; };
		CE7CD9302A55575500064282 /* URLSession.swift in Sources */ = {isa = PBXBuildFile; fileRef = CE7CD92F2A55575500064282 /* URLSession.swift */; };
		CE7CD9322A5CF22A00064282 /* WallPost.swift in Sources */ = {isa = PBXBuildFile; fileRef = CE7CD9312A5CF22A00064282 /* WallPost.swift */; };
		CE8748D029023E65000D40FC /* GatoApp.swift in Sources */ = {isa = PBXBuildFile; fileRef = CE8748CF29023E65000D40FC /* GatoApp.swift */; };
		CE8748D229023E65000D40FC /* ContentView.swift in Sources */ = {isa = PBXBuildFile; fileRef = CE8748D129023E65000D40FC /* ContentView.swift */; };
		CE8748D429023E68000D40FC /* Assets.xcassets in Resources */ = {isa = PBXBuildFile; fileRef = CE8748D329023E68000D40FC /* Assets.xcassets */; };
		CE8748D729023E68000D40FC /* Preview Assets.xcassets in Resources */ = {isa = PBXBuildFile; fileRef = CE8748D629023E68000D40FC /* Preview Assets.xcassets */; };
		CE8748E129023E68000D40FC /* GatoTests.swift in Sources */ = {isa = PBXBuildFile; fileRef = CE8748E029023E68000D40FC /* GatoTests.swift */; };
		CE8748EB29023E68000D40FC /* GatoUITests.swift in Sources */ = {isa = PBXBuildFile; fileRef = CE8748EA29023E68000D40FC /* GatoUITests.swift */; };
		CE8748ED29023E68000D40FC /* GatoUITestsLaunchTests.swift in Sources */ = {isa = PBXBuildFile; fileRef = CE8748EC29023E68000D40FC /* GatoUITestsLaunchTests.swift */; };
		CE8B72D12A4D30CE00169EFA /* APIResponse.swift in Sources */ = {isa = PBXBuildFile; fileRef = CE8B72D02A4D30CE00169EFA /* APIResponse.swift */; };
		CE8B72D32A4D316500169EFA /* WallpageView.swift in Sources */ = {isa = PBXBuildFile; fileRef = CE8B72D22A4D316500169EFA /* WallpageView.swift */; };
		CEA2B5FD2A42D892002F261C /* PostModel.swift in Sources */ = {isa = PBXBuildFile; fileRef = CEA2B5FC2A42D892002F261C /* PostModel.swift */; };
		CEA2B5FF2A42D8B4002F261C /* PostView.swift in Sources */ = {isa = PBXBuildFile; fileRef = CEA2B5FE2A42D8B4002F261C /* PostView.swift */; };
		CEB4C7142931CE56003421BF /* SignUpView.swift in Sources */ = {isa = PBXBuildFile; fileRef = CEB4C7132931CE56003421BF /* SignUpView.swift */; };
		CEB52C4F2A0DB6E300F0A847 /* ColorpickerView.swift in Sources */ = {isa = PBXBuildFile; fileRef = CEB52C4E2A0DB6E300F0A847 /* ColorpickerView.swift */; };
		CEB52C512A0DC0B800F0A847 /* SettingsView.swift in Sources */ = {isa = PBXBuildFile; fileRef = CEB52C502A0DC0B800F0A847 /* SettingsView.swift */; };
		CECE2176290FA469002986AF /* AuthSelectionView.swift in Sources */ = {isa = PBXBuildFile; fileRef = CECE2175290FA468002986AF /* AuthSelectionView.swift */; };
		CECE217A2920A4A9002986AF /* SignInView.swift in Sources */ = {isa = PBXBuildFile; fileRef = CECE21792920A4A9002986AF /* SignInView.swift */; };
		CEDFB7952956A78A002B4762 /* SignUpModel.swift in Sources */ = {isa = PBXBuildFile; fileRef = CEDFB7942956A78A002B4762 /* SignUpModel.swift */; };
/* End PBXBuildFile section */

/* Begin PBXContainerItemProxy section */
		CE8748DD29023E68000D40FC /* PBXContainerItemProxy */ = {
			isa = PBXContainerItemProxy;
			containerPortal = CE8748C429023E65000D40FC /* Project object */;
			proxyType = 1;
			remoteGlobalIDString = CE8748CB29023E65000D40FC;
			remoteInfo = Gato;
		};
		CE8748E729023E68000D40FC /* PBXContainerItemProxy */ = {
			isa = PBXContainerItemProxy;
			containerPortal = CE8748C429023E65000D40FC /* Project object */;
			proxyType = 1;
			remoteGlobalIDString = CE8748CB29023E65000D40FC;
			remoteInfo = Gato;
		};
/* End PBXContainerItemProxy section */

/* Begin PBXFileReference section */
		531B181529D8678E005731B1 /* AuthModel.swift */ = {isa = PBXFileReference; lastKnownFileType = sourcecode.swift; path = AuthModel.swift; sourceTree = "<group>"; };
		535C835829FA07E20018AF4F /* PawView.swift */ = {isa = PBXFileReference; lastKnownFileType = sourcecode.swift; path = PawView.swift; sourceTree = "<group>"; };
		537F966E29B8CF7600D6BF16 /* MypageView.swift */ = {isa = PBXFileReference; lastKnownFileType = sourcecode.swift; path = MypageView.swift; sourceTree = "<group>"; };
		5394393629FE3772005D7A7F /* ImagePicker.swift */ = {isa = PBXFileReference; lastKnownFileType = sourcecode.swift; path = ImagePicker.swift; sourceTree = "<group>"; };
		5394393C2A054831005D7A7F /* Validator.swift */ = {isa = PBXFileReference; lastKnownFileType = sourcecode.swift; path = Validator.swift; sourceTree = "<group>"; };
		539E4E6C29ECFB9D007158EF /* SignInModel.swift */ = {isa = PBXFileReference; lastKnownFileType = sourcecode.swift; path = SignInModel.swift; sourceTree = "<group>"; };
		53AC205F29CAF0D10012303B /* AppDelegate.swift */ = {isa = PBXFileReference; lastKnownFileType = sourcecode.swift; path = AppDelegate.swift; sourceTree = "<group>"; };
		53F60A1929E296DC009B10A9 /* SignOutModel.swift */ = {isa = PBXFileReference; lastKnownFileType = sourcecode.swift; path = SignOutModel.swift; sourceTree = "<group>"; };
		B2D36E982A1DDDD900E88A7A /* UserDefaults.swift */ = {isa = PBXFileReference; lastKnownFileType = sourcecode.swift; path = UserDefaults.swift; sourceTree = "<group>"; };
		CE6E8AF529AB8A7A00404A7E /* ImageView.swift */ = {isa = PBXFileReference; lastKnownFileType = sourcecode.swift; path = ImageView.swift; sourceTree = "<group>"; };
		CE6E8AF829B17FFC00404A7E /* SignInImageView.swift */ = {isa = PBXFileReference; lastKnownFileType = sourcecode.swift; path = SignInImageView.swift; sourceTree = "<group>"; };
		CE6E8AFA29B1868500404A7E /* ImageFirstView.swift */ = {isa = PBXFileReference; lastKnownFileType = sourcecode.swift; path = ImageFirstView.swift; sourceTree = "<group>"; };
		CE6E8AFC29B19D4900404A7E /* Geometric.swift */ = {isa = PBXFileReference; lastKnownFileType = sourcecode.swift; path = Geometric.swift; sourceTree = "<group>"; };
		CE7CD9292A550B7000064282 /* TimelineView.swift */ = {isa = PBXFileReference; lastKnownFileType = sourcecode.swift; path = TimelineView.swift; sourceTree = "<group>"; };
		CE7CD92B2A550C9800064282 /* APITimeline.swift */ = {isa = PBXFileReference; lastKnownFileType = sourcecode.swift; path = APITimeline.swift; sourceTree = "<group>"; };
		CE7CD92D2A55202B00064282 /* TimelineItemView.swift */ = {isa = PBXFileReference; lastKnownFileType = sourcecode.swift; path = TimelineItemView.swift; sourceTree = "<group>"; };
		CE7CD92F2A55575500064282 /* URLSession.swift */ = {isa = PBXFileReference; lastKnownFileType = sourcecode.swift; path = URLSession.swift; sourceTree = "<group>"; };
		CE7CD9312A5CF22A00064282 /* WallPost.swift */ = {isa = PBXFileReference; lastKnownFileType = sourcecode.swift; path = WallPost.swift; sourceTree = "<group>"; };
		CE8748CC29023E65000D40FC /* Gato.app */ = {isa = PBXFileReference; explicitFileType = wrapper.application; includeInIndex = 0; path = Gato.app; sourceTree = BUILT_PRODUCTS_DIR; };
		CE8748CF29023E65000D40FC /* GatoApp.swift */ = {isa = PBXFileReference; lastKnownFileType = sourcecode.swift; path = GatoApp.swift; sourceTree = "<group>"; };
		CE8748D129023E65000D40FC /* ContentView.swift */ = {isa = PBXFileReference; lastKnownFileType = sourcecode.swift; path = ContentView.swift; sourceTree = "<group>"; };
		CE8748D329023E68000D40FC /* Assets.xcassets */ = {isa = PBXFileReference; lastKnownFileType = folder.assetcatalog; path = Assets.xcassets; sourceTree = "<group>"; };
		CE8748D629023E68000D40FC /* Preview Assets.xcassets */ = {isa = PBXFileReference; lastKnownFileType = folder.assetcatalog; path = "Preview Assets.xcassets"; sourceTree = "<group>"; };
		CE8748DC29023E68000D40FC /* GatoTests.xctest */ = {isa = PBXFileReference; explicitFileType = wrapper.cfbundle; includeInIndex = 0; path = GatoTests.xctest; sourceTree = BUILT_PRODUCTS_DIR; };
		CE8748E029023E68000D40FC /* GatoTests.swift */ = {isa = PBXFileReference; lastKnownFileType = sourcecode.swift; path = GatoTests.swift; sourceTree = "<group>"; };
		CE8748E629023E68000D40FC /* GatoUITests.xctest */ = {isa = PBXFileReference; explicitFileType = wrapper.cfbundle; includeInIndex = 0; path = GatoUITests.xctest; sourceTree = BUILT_PRODUCTS_DIR; };
		CE8748EA29023E68000D40FC /* GatoUITests.swift */ = {isa = PBXFileReference; lastKnownFileType = sourcecode.swift; path = GatoUITests.swift; sourceTree = "<group>"; };
		CE8748EC29023E68000D40FC /* GatoUITestsLaunchTests.swift */ = {isa = PBXFileReference; lastKnownFileType = sourcecode.swift; path = GatoUITestsLaunchTests.swift; sourceTree = "<group>"; };
		CE8B72D02A4D30CE00169EFA /* APIResponse.swift */ = {isa = PBXFileReference; lastKnownFileType = sourcecode.swift; path = APIResponse.swift; sourceTree = "<group>"; };
		CE8B72D22A4D316500169EFA /* WallpageView.swift */ = {isa = PBXFileReference; lastKnownFileType = sourcecode.swift; path = WallpageView.swift; sourceTree = "<group>"; };
		CEA2B5FC2A42D892002F261C /* PostModel.swift */ = {isa = PBXFileReference; lastKnownFileType = sourcecode.swift; path = PostModel.swift; sourceTree = "<group>"; };
		CEA2B5FE2A42D8B4002F261C /* PostView.swift */ = {isa = PBXFileReference; lastKnownFileType = sourcecode.swift; path = PostView.swift; sourceTree = "<group>"; };
		CEB4C7132931CE56003421BF /* SignUpView.swift */ = {isa = PBXFileReference; lastKnownFileType = sourcecode.swift; path = SignUpView.swift; sourceTree = "<group>"; };
		CEB52C4E2A0DB6E300F0A847 /* ColorpickerView.swift */ = {isa = PBXFileReference; lastKnownFileType = sourcecode.swift; path = ColorpickerView.swift; sourceTree = "<group>"; };
		CEB52C502A0DC0B800F0A847 /* SettingsView.swift */ = {isa = PBXFileReference; lastKnownFileType = sourcecode.swift; path = SettingsView.swift; sourceTree = "<group>"; };
		CECE2175290FA468002986AF /* AuthSelectionView.swift */ = {isa = PBXFileReference; lastKnownFileType = sourcecode.swift; path = AuthSelectionView.swift; sourceTree = "<group>"; };
		CECE21792920A4A9002986AF /* SignInView.swift */ = {isa = PBXFileReference; lastKnownFileType = sourcecode.swift; path = SignInView.swift; sourceTree = "<group>"; };
		CEDFB7942956A78A002B4762 /* SignUpModel.swift */ = {isa = PBXFileReference; lastKnownFileType = sourcecode.swift; path = SignUpModel.swift; sourceTree = "<group>"; };
/* End PBXFileReference section */

/* Begin PBXFrameworksBuildPhase section */
		CE8748C929023E65000D40FC /* Frameworks */ = {
			isa = PBXFrameworksBuildPhase;
			buildActionMask = 2147483647;
			files = (
			);
			runOnlyForDeploymentPostprocessing = 0;
		};
		CE8748D929023E68000D40FC /* Frameworks */ = {
			isa = PBXFrameworksBuildPhase;
			buildActionMask = 2147483647;
			files = (
			);
			runOnlyForDeploymentPostprocessing = 0;
		};
		CE8748E329023E68000D40FC /* Frameworks */ = {
			isa = PBXFrameworksBuildPhase;
			buildActionMask = 2147483647;
			files = (
			);
			runOnlyForDeploymentPostprocessing = 0;
		};
/* End PBXFrameworksBuildPhase section */

/* Begin PBXGroup section */
		531B181729D8679A005731B1 /* Model */ = {
			isa = PBXGroup;
			children = (
				531B181529D8678E005731B1 /* AuthModel.swift */,
				CE8B72D02A4D30CE00169EFA /* APIResponse.swift */,
				CEDFB7942956A78A002B4762 /* SignUpModel.swift */,
				53F60A1929E296DC009B10A9 /* SignOutModel.swift */,
				539E4E6C29ECFB9D007158EF /* SignInModel.swift */,
				CEA2B5FC2A42D892002F261C /* PostModel.swift */,
				5394393C2A054831005D7A7F /* Validator.swift */,
				53AC205F29CAF0D10012303B /* AppDelegate.swift */,
			);
			path = Model;
			sourceTree = "<group>";
		};
		B2D36E972A1DDDC800E88A7A /* Extensions */ = {
			isa = PBXGroup;
			children = (
				B2D36E982A1DDDD900E88A7A /* UserDefaults.swift */,
				CE7CD92F2A55575500064282 /* URLSession.swift */,
			);
			path = Extensions;
			sourceTree = "<group>";
		};
		CE6E8AF729AB8AC200404A7E /* Views */ = {
			isa = PBXGroup;
			children = (
				CE8748D129023E65000D40FC /* ContentView.swift */,
				CE7CD9312A5CF22A00064282 /* WallPost.swift */,
				CECE2175290FA468002986AF /* AuthSelectionView.swift */,
				CEB4C7132931CE56003421BF /* SignUpView.swift */,
				CECE21792920A4A9002986AF /* SignInView.swift */,
				537F966E29B8CF7600D6BF16 /* MypageView.swift */,
				CEB52C4E2A0DB6E300F0A847 /* ColorpickerView.swift */,
				CEB52C502A0DC0B800F0A847 /* SettingsView.swift */,
				CE6E8AF529AB8A7A00404A7E /* ImageView.swift */,
				CE6E8AFA29B1868500404A7E /* ImageFirstView.swift */,
				CE6E8AFC29B19D4900404A7E /* Geometric.swift */,
				535C835829FA07E20018AF4F /* PawView.swift */,
				5394393629FE3772005D7A7F /* ImagePicker.swift */,
				CE8B72D22A4D316500169EFA /* WallpageView.swift */,
				CE7CD9292A550B7000064282 /* TimelineView.swift */,
				CE7CD92D2A55202B00064282 /* TimelineItemView.swift */,
				CE7CD92B2A550C9800064282 /* APITimeline.swift */,
			);
			path = Views;
			sourceTree = "<group>";
		};
		CE8748C329023E65000D40FC = {
			isa = PBXGroup;
			children = (
				CE8748CE29023E65000D40FC /* Gato */,
				CE8748DF29023E68000D40FC /* GatoTests */,
				CE8748E929023E68000D40FC /* GatoUITests */,
				CE8748CD29023E65000D40FC /* Products */,
			);
			sourceTree = "<group>";
		};
		CE8748CD29023E65000D40FC /* Products */ = {
			isa = PBXGroup;
			children = (
				CE8748CC29023E65000D40FC /* Gato.app */,
				CE8748DC29023E68000D40FC /* GatoTests.xctest */,
				CE8748E629023E68000D40FC /* GatoUITests.xctest */,
			);
			name = Products;
			sourceTree = "<group>";
		};
		CE8748CE29023E65000D40FC /* Gato */ = {
			isa = PBXGroup;
			children = (
				CE6E8AF729AB8AC200404A7E /* Views */,
				CE8748CF29023E65000D40FC /* GatoApp.swift */,
				CEA2B5FE2A42D8B4002F261C /* PostView.swift */,
				CE6E8AF829B17FFC00404A7E /* SignInImageView.swift */,
				B2D36E972A1DDDC800E88A7A /* Extensions */,
				531B181729D8679A005731B1 /* Model */,
				CE8748D329023E68000D40FC /* Assets.xcassets */,
				CE8748D529023E68000D40FC /* Preview Content */,
			);
			path = Gato;
			sourceTree = "<group>";
		};
		CE8748D529023E68000D40FC /* Preview Content */ = {
			isa = PBXGroup;
			children = (
				CE8748D629023E68000D40FC /* Preview Assets.xcassets */,
			);
			path = "Preview Content";
			sourceTree = "<group>";
		};
		CE8748DF29023E68000D40FC /* GatoTests */ = {
			isa = PBXGroup;
			children = (
				CE8748E029023E68000D40FC /* GatoTests.swift */,
			);
			path = GatoTests;
			sourceTree = "<group>";
		};
		CE8748E929023E68000D40FC /* GatoUITests */ = {
			isa = PBXGroup;
			children = (
				CE8748EA29023E68000D40FC /* GatoUITests.swift */,
				CE8748EC29023E68000D40FC /* GatoUITestsLaunchTests.swift */,
			);
			path = GatoUITests;
			sourceTree = "<group>";
		};
/* End PBXGroup section */

/* Begin PBXNativeTarget section */
		CE8748CB29023E65000D40FC /* Gato */ = {
			isa = PBXNativeTarget;
			buildConfigurationList = CE8748F029023E68000D40FC /* Build configuration list for PBXNativeTarget "Gato" */;
			buildPhases = (
				CE8748C829023E65000D40FC /* Sources */,
				CE8748C929023E65000D40FC /* Frameworks */,
				CE8748CA29023E65000D40FC /* Resources */,
			);
			buildRules = (
			);
			dependencies = (
			);
			name = Gato;
			packageProductDependencies = (
			);
			productName = Gato;
			productReference = CE8748CC29023E65000D40FC /* Gato.app */;
			productType = "com.apple.product-type.application";
		};
		CE8748DB29023E68000D40FC /* GatoTests */ = {
			isa = PBXNativeTarget;
			buildConfigurationList = CE8748F329023E68000D40FC /* Build configuration list for PBXNativeTarget "GatoTests" */;
			buildPhases = (
				CE8748D829023E68000D40FC /* Sources */,
				CE8748D929023E68000D40FC /* Frameworks */,
				CE8748DA29023E68000D40FC /* Resources */,
			);
			buildRules = (
			);
			dependencies = (
				CE8748DE29023E68000D40FC /* PBXTargetDependency */,
			);
			name = GatoTests;
			productName = GatoTests;
			productReference = CE8748DC29023E68000D40FC /* GatoTests.xctest */;
			productType = "com.apple.product-type.bundle.unit-test";
		};
		CE8748E529023E68000D40FC /* GatoUITests */ = {
			isa = PBXNativeTarget;
			buildConfigurationList = CE8748F629023E68000D40FC /* Build configuration list for PBXNativeTarget "GatoUITests" */;
			buildPhases = (
				CE8748E229023E68000D40FC /* Sources */,
				CE8748E329023E68000D40FC /* Frameworks */,
				CE8748E429023E68000D40FC /* Resources */,
			);
			buildRules = (
			);
			dependencies = (
				CE8748E829023E68000D40FC /* PBXTargetDependency */,
			);
			name = GatoUITests;
			productName = GatoUITests;
			productReference = CE8748E629023E68000D40FC /* GatoUITests.xctest */;
			productType = "com.apple.product-type.bundle.ui-testing";
		};
/* End PBXNativeTarget section */

/* Begin PBXProject section */
		CE8748C429023E65000D40FC /* Project object */ = {
			isa = PBXProject;
			attributes = {
				BuildIndependentTargetsInParallel = 1;
				LastSwiftUpdateCheck = 1340;
				LastUpgradeCheck = 1340;
				TargetAttributes = {
					CE8748CB29023E65000D40FC = {
						CreatedOnToolsVersion = 13.4;
					};
					CE8748DB29023E68000D40FC = {
						CreatedOnToolsVersion = 13.4;
						TestTargetID = CE8748CB29023E65000D40FC;
					};
					CE8748E529023E68000D40FC = {
						CreatedOnToolsVersion = 13.4;
						TestTargetID = CE8748CB29023E65000D40FC;
					};
				};
			};
			buildConfigurationList = CE8748C729023E65000D40FC /* Build configuration list for PBXProject "Gato" */;
			compatibilityVersion = "Xcode 13.0";
			developmentRegion = en;
			hasScannedForEncodings = 0;
			knownRegions = (
				en,
				Base,
			);
			mainGroup = CE8748C329023E65000D40FC;
			packageReferences = (
			);
			productRefGroup = CE8748CD29023E65000D40FC /* Products */;
			projectDirPath = "";
			projectRoot = "";
			targets = (
				CE8748CB29023E65000D40FC /* Gato */,
				CE8748DB29023E68000D40FC /* GatoTests */,
				CE8748E529023E68000D40FC /* GatoUITests */,
			);
		};
/* End PBXProject section */

/* Begin PBXResourcesBuildPhase section */
		CE8748CA29023E65000D40FC /* Resources */ = {
			isa = PBXResourcesBuildPhase;
			buildActionMask = 2147483647;
			files = (
				CE8748D729023E68000D40FC /* Preview Assets.xcassets in Resources */,
				CE8748D429023E68000D40FC /* Assets.xcassets in Resources */,
			);
			runOnlyForDeploymentPostprocessing = 0;
		};
		CE8748DA29023E68000D40FC /* Resources */ = {
			isa = PBXResourcesBuildPhase;
			buildActionMask = 2147483647;
			files = (
			);
			runOnlyForDeploymentPostprocessing = 0;
		};
		CE8748E429023E68000D40FC /* Resources */ = {
			isa = PBXResourcesBuildPhase;
			buildActionMask = 2147483647;
			files = (
			);
			runOnlyForDeploymentPostprocessing = 0;
		};
/* End PBXResourcesBuildPhase section */

/* Begin PBXSourcesBuildPhase section */
		CE8748C829023E65000D40FC /* Sources */ = {
			isa = PBXSourcesBuildPhase;
			buildActionMask = 2147483647;
			files = (
				53AC206029CAF0D10012303B /* AppDelegate.swift in Sources */,
				CE8748D229023E65000D40FC /* ContentView.swift in Sources */,
				CE7CD9302A55575500064282 /* URLSession.swift in Sources */,
				CE8B72D32A4D316500169EFA /* WallpageView.swift in Sources */,
				CE7CD92E2A55202B00064282 /* TimelineItemView.swift in Sources */,
				CE7CD9322A5CF22A00064282 /* WallPost.swift in Sources */,
				CE8748D029023E65000D40FC /* GatoApp.swift in Sources */,
				5394393729FE3772005D7A7F /* ImagePicker.swift in Sources */,
				531B181629D8678E005731B1 /* AuthModel.swift in Sources */,
				B2D36E992A1DDDD900E88A7A /* UserDefaults.swift in Sources */,
				CEB52C512A0DC0B800F0A847 /* SettingsView.swift in Sources */,
				CECE2176290FA469002986AF /* AuthSelectionView.swift in Sources */,
				CE6E8AFD29B19D4900404A7E /* Geometric.swift in Sources */,
				CEDFB7952956A78A002B4762 /* SignUpModel.swift in Sources */,
				CECE217A2920A4A9002986AF /* SignInView.swift in Sources */,
				CE6E8AF629AB8A7A00404A7E /* ImageView.swift in Sources */,
				5394393D2A054832005D7A7F /* Validator.swift in Sources */,
				CE7CD92C2A550C9800064282 /* APITimeline.swift in Sources */,
				53F60A1A29E296DC009B10A9 /* SignOutModel.swift in Sources */,
				CEB52C4F2A0DB6E300F0A847 /* ColorpickerView.swift in Sources */,
				537F966F29B8CF7600D6BF16 /* MypageView.swift in Sources */,
				535C835929FA07E20018AF4F /* PawView.swift in Sources */,
				CE6E8AF929B17FFC00404A7E /* SignInImageView.swift in Sources */,
				CEA2B5FD2A42D892002F261C /* PostModel.swift in Sources */,
				CE6E8AFB29B1868500404A7E /* ImageFirstView.swift in Sources */,
				CEB4C7142931CE56003421BF /* SignUpView.swift in Sources */,
				CEA2B5FF2A42D8B4002F261C /* PostView.swift in Sources */,
				CE8B72D12A4D30CE00169EFA /* APIResponse.swift in Sources */,
				CE7CD92A2A550B7000064282 /* TimelineView.swift in Sources */,
				539E4E6D29ECFB9D007158EF /* SignInModel.swift in Sources */,
			);
			runOnlyForDeploymentPostprocessing = 0;
		};
		CE8748D829023E68000D40FC /* Sources */ = {
			isa = PBXSourcesBuildPhase;
			buildActionMask = 2147483647;
			files = (
				CE8748E129023E68000D40FC /* GatoTests.swift in Sources */,
			);
			runOnlyForDeploymentPostprocessing = 0;
		};
		CE8748E229023E68000D40FC /* Sources */ = {
			isa = PBXSourcesBuildPhase;
			buildActionMask = 2147483647;
			files = (
				CE8748EB29023E68000D40FC /* GatoUITests.swift in Sources */,
				CE8748ED29023E68000D40FC /* GatoUITestsLaunchTests.swift in Sources */,
			);
			runOnlyForDeploymentPostprocessing = 0;
		};
/* End PBXSourcesBuildPhase section */

/* Begin PBXTargetDependency section */
		CE8748DE29023E68000D40FC /* PBXTargetDependency */ = {
			isa = PBXTargetDependency;
			target = CE8748CB29023E65000D40FC /* Gato */;
			targetProxy = CE8748DD29023E68000D40FC /* PBXContainerItemProxy */;
		};
		CE8748E829023E68000D40FC /* PBXTargetDependency */ = {
			isa = PBXTargetDependency;
			target = CE8748CB29023E65000D40FC /* Gato */;
			targetProxy = CE8748E729023E68000D40FC /* PBXContainerItemProxy */;
		};
/* End PBXTargetDependency section */

/* Begin XCBuildConfiguration section */
		CE8748EE29023E68000D40FC /* Debug */ = {
			isa = XCBuildConfiguration;
			buildSettings = {
				ALWAYS_SEARCH_USER_PATHS = NO;
				CLANG_ANALYZER_NONNULL = YES;
				CLANG_ANALYZER_NUMBER_OBJECT_CONVERSION = YES_AGGRESSIVE;
				CLANG_CXX_LANGUAGE_STANDARD = "gnu++17";
				CLANG_ENABLE_MODULES = YES;
				CLANG_ENABLE_OBJC_ARC = YES;
				CLANG_ENABLE_OBJC_WEAK = YES;
				CLANG_WARN_BLOCK_CAPTURE_AUTORELEASING = YES;
				CLANG_WARN_BOOL_CONVERSION = YES;
				CLANG_WARN_COMMA = YES;
				CLANG_WARN_CONSTANT_CONVERSION = YES;
				CLANG_WARN_DEPRECATED_OBJC_IMPLEMENTATIONS = YES;
				CLANG_WARN_DIRECT_OBJC_ISA_USAGE = YES_ERROR;
				CLANG_WARN_DOCUMENTATION_COMMENTS = YES;
				CLANG_WARN_EMPTY_BODY = YES;
				CLANG_WARN_ENUM_CONVERSION = YES;
				CLANG_WARN_INFINITE_RECURSION = YES;
				CLANG_WARN_INT_CONVERSION = YES;
				CLANG_WARN_NON_LITERAL_NULL_CONVERSION = YES;
				CLANG_WARN_OBJC_IMPLICIT_RETAIN_SELF = YES;
				CLANG_WARN_OBJC_LITERAL_CONVERSION = YES;
				CLANG_WARN_OBJC_ROOT_CLASS = YES_ERROR;
				CLANG_WARN_QUOTED_INCLUDE_IN_FRAMEWORK_HEADER = YES;
				CLANG_WARN_RANGE_LOOP_ANALYSIS = YES;
				CLANG_WARN_STRICT_PROTOTYPES = YES;
				CLANG_WARN_SUSPICIOUS_MOVE = YES;
				CLANG_WARN_UNGUARDED_AVAILABILITY = YES_AGGRESSIVE;
				CLANG_WARN_UNREACHABLE_CODE = YES;
				CLANG_WARN__DUPLICATE_METHOD_MATCH = YES;
				COPY_PHASE_STRIP = NO;
				DEBUG_INFORMATION_FORMAT = dwarf;
				ENABLE_STRICT_OBJC_MSGSEND = YES;
				ENABLE_TESTABILITY = YES;
				GCC_C_LANGUAGE_STANDARD = gnu11;
				GCC_DYNAMIC_NO_PIC = NO;
				GCC_NO_COMMON_BLOCKS = YES;
				GCC_OPTIMIZATION_LEVEL = 0;
				GCC_PREPROCESSOR_DEFINITIONS = (
					"DEBUG=1",
					"$(inherited)",
				);
				GCC_WARN_64_TO_32_BIT_CONVERSION = YES;
				GCC_WARN_ABOUT_RETURN_TYPE = YES_ERROR;
				GCC_WARN_UNDECLARED_SELECTOR = YES;
				GCC_WARN_UNINITIALIZED_AUTOS = YES_AGGRESSIVE;
				GCC_WARN_UNUSED_FUNCTION = YES;
				GCC_WARN_UNUSED_VARIABLE = YES;
				IPHONEOS_DEPLOYMENT_TARGET = 15.5;
				MTL_ENABLE_DEBUG_INFO = INCLUDE_SOURCE;
				MTL_FAST_MATH = YES;
				ONLY_ACTIVE_ARCH = YES;
				SDKROOT = iphoneos;
				SWIFT_ACTIVE_COMPILATION_CONDITIONS = DEBUG;
				SWIFT_OPTIMIZATION_LEVEL = "-Onone";
			};
			name = Debug;
		};
		CE8748EF29023E68000D40FC /* Release */ = {
			isa = XCBuildConfiguration;
			buildSettings = {
				ALWAYS_SEARCH_USER_PATHS = NO;
				CLANG_ANALYZER_NONNULL = YES;
				CLANG_ANALYZER_NUMBER_OBJECT_CONVERSION = YES_AGGRESSIVE;
				CLANG_CXX_LANGUAGE_STANDARD = "gnu++17";
				CLANG_ENABLE_MODULES = YES;
				CLANG_ENABLE_OBJC_ARC = YES;
				CLANG_ENABLE_OBJC_WEAK = YES;
				CLANG_WARN_BLOCK_CAPTURE_AUTORELEASING = YES;
				CLANG_WARN_BOOL_CONVERSION = YES;
				CLANG_WARN_COMMA = YES;
				CLANG_WARN_CONSTANT_CONVERSION = YES;
				CLANG_WARN_DEPRECATED_OBJC_IMPLEMENTATIONS = YES;
				CLANG_WARN_DIRECT_OBJC_ISA_USAGE = YES_ERROR;
				CLANG_WARN_DOCUMENTATION_COMMENTS = YES;
				CLANG_WARN_EMPTY_BODY = YES;
				CLANG_WARN_ENUM_CONVERSION = YES;
				CLANG_WARN_INFINITE_RECURSION = YES;
				CLANG_WARN_INT_CONVERSION = YES;
				CLANG_WARN_NON_LITERAL_NULL_CONVERSION = YES;
				CLANG_WARN_OBJC_IMPLICIT_RETAIN_SELF = YES;
				CLANG_WARN_OBJC_LITERAL_CONVERSION = YES;
				CLANG_WARN_OBJC_ROOT_CLASS = YES_ERROR;
				CLANG_WARN_QUOTED_INCLUDE_IN_FRAMEWORK_HEADER = YES;
				CLANG_WARN_RANGE_LOOP_ANALYSIS = YES;
				CLANG_WARN_STRICT_PROTOTYPES = YES;
				CLANG_WARN_SUSPICIOUS_MOVE = YES;
				CLANG_WARN_UNGUARDED_AVAILABILITY = YES_AGGRESSIVE;
				CLANG_WARN_UNREACHABLE_CODE = YES;
				CLANG_WARN__DUPLICATE_METHOD_MATCH = YES;
				COPY_PHASE_STRIP = NO;
				DEBUG_INFORMATION_FORMAT = "dwarf-with-dsym";
				ENABLE_NS_ASSERTIONS = NO;
				ENABLE_STRICT_OBJC_MSGSEND = YES;
				GCC_C_LANGUAGE_STANDARD = gnu11;
				GCC_NO_COMMON_BLOCKS = YES;
				GCC_WARN_64_TO_32_BIT_CONVERSION = YES;
				GCC_WARN_ABOUT_RETURN_TYPE = YES_ERROR;
				GCC_WARN_UNDECLARED_SELECTOR = YES;
				GCC_WARN_UNINITIALIZED_AUTOS = YES_AGGRESSIVE;
				GCC_WARN_UNUSED_FUNCTION = YES;
				GCC_WARN_UNUSED_VARIABLE = YES;
				IPHONEOS_DEPLOYMENT_TARGET = 15.5;
				MTL_ENABLE_DEBUG_INFO = NO;
				MTL_FAST_MATH = YES;
				SDKROOT = iphoneos;
				SWIFT_COMPILATION_MODE = wholemodule;
				SWIFT_OPTIMIZATION_LEVEL = "-O";
				VALIDATE_PRODUCT = YES;
			};
			name = Release;
		};
		CE8748F129023E68000D40FC /* Debug */ = {
			isa = XCBuildConfiguration;
			buildSettings = {
				ASSETCATALOG_COMPILER_APPICON_NAME = AppIcon;
				ASSETCATALOG_COMPILER_GLOBAL_ACCENT_COLOR_NAME = AccentColor;
				ASSETCATALOG_COMPILER_INCLUDE_ALL_APPICON_ASSETS = YES;
				"CODE_SIGN_IDENTITY[sdk=macosx*]" = "Apple Development";
				CODE_SIGN_STYLE = Automatic;
				CURRENT_PROJECT_VERSION = 1;
				DEVELOPMENT_ASSET_PATHS = "\"Gato/Preview Content\"";
				DEVELOPMENT_TEAM = 6FL7354HD3;
				ENABLE_PREVIEWS = YES;
				GENERATE_INFOPLIST_FILE = YES;
				INFOPLIST_KEY_UIApplicationSceneManifest_Generation = YES;
				INFOPLIST_KEY_UIApplicationSupportsIndirectInputEvents = YES;
				INFOPLIST_KEY_UILaunchScreen_Generation = YES;
				INFOPLIST_KEY_UISupportedInterfaceOrientations_iPad = "UIInterfaceOrientationPortrait UIInterfaceOrientationPortraitUpsideDown UIInterfaceOrientationLandscapeLeft UIInterfaceOrientationLandscapeRight";
				INFOPLIST_KEY_UISupportedInterfaceOrientations_iPhone = "UIInterfaceOrientationPortrait UIInterfaceOrientationLandscapeLeft UIInterfaceOrientationLandscapeRight";
				IPHONEOS_DEPLOYMENT_TARGET = 15.5;
				LD_RUNPATH_SEARCH_PATHS = (
					"$(inherited)",
					"@executable_path/Frameworks",
				);
				MARKETING_VERSION = 1.0;
				PRODUCT_BUNDLE_IDENTIFIER = com.IgarashiAi.Gato;
				PRODUCT_NAME = "$(TARGET_NAME)";
				SDKROOT = iphoneos;
				SWIFT_EMIT_LOC_STRINGS = YES;
				SWIFT_VERSION = 5.0;
				TARGETED_DEVICE_FAMILY = "1,2";
			};
			name = Debug;
		};
		CE8748F229023E68000D40FC /* Release */ = {
			isa = XCBuildConfiguration;
			buildSettings = {
				ASSETCATALOG_COMPILER_APPICON_NAME = AppIcon;
				ASSETCATALOG_COMPILER_GLOBAL_ACCENT_COLOR_NAME = AccentColor;
				ASSETCATALOG_COMPILER_INCLUDE_ALL_APPICON_ASSETS = YES;
				"CODE_SIGN_IDENTITY[sdk=macosx*]" = "Apple Development";
				CODE_SIGN_STYLE = Automatic;
				CURRENT_PROJECT_VERSION = 1;
				DEVELOPMENT_ASSET_PATHS = "\"Gato/Preview Content\"";
				DEVELOPMENT_TEAM = 6FL7354HD3;
				ENABLE_PREVIEWS = YES;
				GENERATE_INFOPLIST_FILE = YES;
				"INFOPLIST_FILE[sdk=*]" = "";
				INFOPLIST_KEY_UIApplicationSceneManifest_Generation = YES;
				INFOPLIST_KEY_UIApplicationSupportsIndirectInputEvents = YES;
				INFOPLIST_KEY_UILaunchScreen_Generation = YES;
				INFOPLIST_KEY_UISupportedInterfaceOrientations_iPad = "UIInterfaceOrientationPortrait UIInterfaceOrientationPortraitUpsideDown UIInterfaceOrientationLandscapeLeft UIInterfaceOrientationLandscapeRight";
				INFOPLIST_KEY_UISupportedInterfaceOrientations_iPhone = "UIInterfaceOrientationPortrait UIInterfaceOrientationLandscapeLeft UIInterfaceOrientationLandscapeRight";
				IPHONEOS_DEPLOYMENT_TARGET = 15.5;
				LD_RUNPATH_SEARCH_PATHS = (
					"$(inherited)",
					"@executable_path/Frameworks",
				);
				MARKETING_VERSION = 1.0;
				PRODUCT_BUNDLE_IDENTIFIER = com.IgarashiAi.Gato;
				PRODUCT_NAME = "$(TARGET_NAME)";
				SDKROOT = iphoneos;
				SWIFT_EMIT_LOC_STRINGS = YES;
				SWIFT_VERSION = 5.0;
				TARGETED_DEVICE_FAMILY = "1,2";
			};
			name = Release;
		};
		CE8748F429023E68000D40FC /* Debug */ = {
			isa = XCBuildConfiguration;
			buildSettings = {
				ALWAYS_EMBED_SWIFT_STANDARD_LIBRARIES = YES;
				BUNDLE_LOADER = "$(TEST_HOST)";
				CODE_SIGN_STYLE = Automatic;
				CURRENT_PROJECT_VERSION = 1;
				DEVELOPMENT_TEAM = W2HXTK2662;
				GENERATE_INFOPLIST_FILE = YES;
				IPHONEOS_DEPLOYMENT_TARGET = 15.5;
				MARKETING_VERSION = 1.0;
				PRODUCT_BUNDLE_IDENTIFIER = com.IgarashiAi.GatoTests;
				PRODUCT_NAME = "$(TARGET_NAME)";
				SWIFT_EMIT_LOC_STRINGS = NO;
				SWIFT_VERSION = 5.0;
				TARGETED_DEVICE_FAMILY = "1,2";
				TEST_HOST = "$(BUILT_PRODUCTS_DIR)/Gato.app/Gato";
			};
			name = Debug;
		};
		CE8748F529023E68000D40FC /* Release */ = {
			isa = XCBuildConfiguration;
			buildSettings = {
				ALWAYS_EMBED_SWIFT_STANDARD_LIBRARIES = YES;
				BUNDLE_LOADER = "$(TEST_HOST)";
				CODE_SIGN_STYLE = Automatic;
				CURRENT_PROJECT_VERSION = 1;
				DEVELOPMENT_TEAM = W2HXTK2662;
				GENERATE_INFOPLIST_FILE = YES;
				IPHONEOS_DEPLOYMENT_TARGET = 15.5;
				MARKETING_VERSION = 1.0;
				PRODUCT_BUNDLE_IDENTIFIER = com.IgarashiAi.GatoTests;
				PRODUCT_NAME = "$(TARGET_NAME)";
				SWIFT_EMIT_LOC_STRINGS = NO;
				SWIFT_VERSION = 5.0;
				TARGETED_DEVICE_FAMILY = "1,2";
				TEST_HOST = "$(BUILT_PRODUCTS_DIR)/Gato.app/Gato";
			};
			name = Release;
		};
		CE8748F729023E68000D40FC /* Debug */ = {
			isa = XCBuildConfiguration;
			buildSettings = {
				ALWAYS_EMBED_SWIFT_STANDARD_LIBRARIES = YES;
				CODE_SIGN_STYLE = Automatic;
				CURRENT_PROJECT_VERSION = 1;
				DEVELOPMENT_TEAM = W2HXTK2662;
				GENERATE_INFOPLIST_FILE = YES;
				MARKETING_VERSION = 1.0;
				PRODUCT_BUNDLE_IDENTIFIER = com.IgarashiAi.GatoUITests;
				PRODUCT_NAME = "$(TARGET_NAME)";
				SWIFT_EMIT_LOC_STRINGS = NO;
				SWIFT_VERSION = 5.0;
				TARGETED_DEVICE_FAMILY = "1,2";
				TEST_TARGET_NAME = Gato;
			};
			name = Debug;
		};
		CE8748F829023E68000D40FC /* Release */ = {
			isa = XCBuildConfiguration;
			buildSettings = {
				ALWAYS_EMBED_SWIFT_STANDARD_LIBRARIES = YES;
				CODE_SIGN_STYLE = Automatic;
				CURRENT_PROJECT_VERSION = 1;
				DEVELOPMENT_TEAM = W2HXTK2662;
				GENERATE_INFOPLIST_FILE = YES;
				MARKETING_VERSION = 1.0;
				PRODUCT_BUNDLE_IDENTIFIER = com.IgarashiAi.GatoUITests;
				PRODUCT_NAME = "$(TARGET_NAME)";
				SWIFT_EMIT_LOC_STRINGS = NO;
				SWIFT_VERSION = 5.0;
				TARGETED_DEVICE_FAMILY = "1,2";
				TEST_TARGET_NAME = Gato;
			};
			name = Release;
		};
/* End XCBuildConfiguration section */

/* Begin XCConfigurationList section */
		CE8748C729023E65000D40FC /* Build configuration list for PBXProject "Gato" */ = {
			isa = XCConfigurationList;
			buildConfigurations = (
				CE8748EE29023E68000D40FC /* Debug */,
				CE8748EF29023E68000D40FC /* Release */,
			);
			defaultConfigurationIsVisible = 0;
			defaultConfigurationName = Release;
		};
		CE8748F029023E68000D40FC /* Build configuration list for PBXNativeTarget "Gato" */ = {
			isa = XCConfigurationList;
			buildConfigurations = (
				CE8748F129023E68000D40FC /* Debug */,
				CE8748F229023E68000D40FC /* Release */,
			);
			defaultConfigurationIsVisible = 0;
			defaultConfigurationName = Release;
		};
		CE8748F329023E68000D40FC /* Build configuration list for PBXNativeTarget "GatoTests" */ = {
			isa = XCConfigurationList;
			buildConfigurations = (
				CE8748F429023E68000D40FC /* Debug */,
				CE8748F529023E68000D40FC /* Release */,
			);
			defaultConfigurationIsVisible = 0;
			defaultConfigurationName = Release;
		};
		CE8748F629023E68000D40FC /* Build configuration list for PBXNativeTarget "GatoUITests" */ = {
			isa = XCConfigurationList;
			buildConfigurations = (
				CE8748F729023E68000D40FC /* Debug */,
				CE8748F829023E68000D40FC /* Release */,
			);
			defaultConfigurationIsVisible = 0;
			defaultConfigurationName = Release;
		};
/* End XCConfigurationList section */
	};
	rootObject = CE8748C429023E65000D40FC /* Project object */;
}
